
Microsoft Visual Studio Solution File, Format Version 12.00
# Visual Studio Version 17
VisualStudioVersion = 17.0.31611.283
MinimumVisualStudioVersion = 10.0.40219.1
Project("{9A19103F-16F7-4668-BE54-9A1E7A4F7556}") = "POS1", "POS1\POS1.csproj", "{061D5092-2812-4AB3-A795-32FC726B1F16}"
EndProject
Project("{FAE04EC0-301F-11D3-BF4B-00C04F79EFBC}") = "test", "test\test.csproj", "{88D0154F-5164-4133-9425-79B90B009409}"
EndProject
Global
	GlobalSection(SolutionConfigurationPlatforms) = preSolution
		Debug|Any CPU = Debug|Any CPU
		Release|Any CPU = Release|Any CPU
	EndGlobalSection
	GlobalSection(ProjectConfigurationPlatforms) = postSolution
		{061D5092-2812-4AB3-A795-32FC726B1F16}.Debug|Any CPU.ActiveCfg = Debug|Any CPU
		{061D5092-2812-4AB3-A795-32FC726B1F16}.Debug|Any CPU.Build.0 = Debug|Any CPU
		{061D5092-2812-4AB3-A795-32FC726B1F16}.Debug|Any CPU.Deploy.0 = Debug|Any CPU
		{061D5092-2812-4AB3-A795-32FC726B1F16}.Release|Any CPU.ActiveCfg = Release|Any CPU
		{061D5092-2812-4AB3-A795-32FC726B1F16}.Release|Any CPU.Build.0 = Release|Any CPU
		{061D5092-2812-4AB3-A795-32FC726B1F16}.Release|Any CPU.Deploy.0 = Release|Any CPU
		{88D0154F-5164-4133-9425-79B90B009409}.Debug|Any CPU.ActiveCfg = Debug|Any CPU
		{88D0154F-5164-4133-9425-79B90B009409}.Debug|Any CPU.Build.0 = Debug|Any CPU
		{88D0154F-5164-4133-9425-79B90B009409}.Debug|Any CPU.Deploy.0 = Debug|Any CPU
		{88D0154F-5164-4133-9425-79B90B009409}.Release|Any CPU.ActiveCfg = Release|Any CPU
		{88D0154F-5164-4133-9425-79B90B009409}.Release|Any CPU.Build.0 = Release|Any CPU
		{88D0154F-5164-4133-9425-79B90B009409}.Release|Any CPU.Deploy.0 = Release|Any CPU
	EndGlobalSection
	GlobalSection(SolutionProperties) = preSolution
		HideSolutionNode = FALSE
	EndGlobalSection
	GlobalSection(ExtensibilityGlobals) = postSolution
		SolutionGuid = {61F7FB11-1E47-470C-91E2-47F8143E1572}
	EndGlobalSection
EndGlobal
